// !$*UTF8*$!
{
	archiveVersion = 1;
	classes = {
	};
	objectVersion = 48;
	objects = {

/* Begin PBXBuildFile section */
		F15E7544209B230300B42672 /* AppDelegate.swift in Sources */ = {isa = PBXBuildFile; fileRef = F15E7543209B230300B42672 /* AppDelegate.swift */; };
		F15E7546209B230300B42672 /* ViewController.swift in Sources */ = {isa = PBXBuildFile; fileRef = F15E7545209B230300B42672 /* ViewController.swift */; };
		F15E7549209B230300B42672 /* Main.storyboard in Resources */ = {isa = PBXBuildFile; fileRef = F15E7547209B230300B42672 /* Main.storyboard */; };
		F15E754B209B230300B42672 /* Assets.xcassets in Resources */ = {isa = PBXBuildFile; fileRef = F15E754A209B230300B42672 /* Assets.xcassets */; };
		F15E754E209B230300B42672 /* LaunchScreen.storyboard in Resources */ = {isa = PBXBuildFile; fileRef = F15E754C209B230300B42672 /* LaunchScreen.storyboard */; };
		F15E7559209B230300B42672 /* customestepperthirdpartyTests.swift in Sources */ = {isa = PBXBuildFile; fileRef = F15E7558209B230300B42672 /* customestepperthirdpartyTests.swift */; };
		F15E7564209B230300B42672 /* customestepperthirdpartyUITests.swift in Sources */ = {isa = PBXBuildFile; fileRef = F15E7563209B230300B42672 /* customestepperthirdpartyUITests.swift */; };
/* End PBXBuildFile section */

/* Begin PBXContainerItemProxy section */
		F15E7555209B230300B42672 /* PBXContainerItemProxy */ = {
			isa = PBXContainerItemProxy;
			containerPortal = F15E7538209B230300B42672 /* Project object */;
			proxyType = 1;
			remoteGlobalIDString = F15E753F209B230300B42672;
			remoteInfo = customestepperthirdparty;
		};
		F15E7560209B230300B42672 /* PBXContainerItemProxy */ = {
			isa = PBXContainerItemProxy;
			containerPortal = F15E7538209B230300B42672 /* Project object */;
			proxyType = 1;
			remoteGlobalIDString = F15E753F209B230300B42672;
			remoteInfo = customestepperthirdparty;
		};
/* End PBXContainerItemProxy section */

/* Begin PBXFileReference section */
		F15E7540209B230300B42672 /* customestepperthirdparty.app */ = {isa = PBXFileReference; explicitFileType = wrapper.application; includeInIndex = 0; path = customestepperthirdparty.app; sourceTree = BUILT_PRODUCTS_DIR; };
		F15E7543209B230300B42672 /* AppDelegate.swift */ = {isa = PBXFileReference; lastKnownFileType = sourcecode.swift; path = AppDelegate.swift; sourceTree = "<group>"; };
		F15E7545209B230300B42672 /* ViewController.swift */ = {isa = PBXFileReference; lastKnownFileType = sourcecode.swift; path = ViewController.swift; sourceTree = "<group>"; };
		F15E7548209B230300B42672 /* Base */ = {isa = PBXFileReference; lastKnownFileType = file.storyboard; name = Base; path = Base.lproj/Main.storyboard; sourceTree = "<group>"; };
		F15E754A209B230300B42672 /* Assets.xcassets */ = {isa = PBXFileReference; lastKnownFileType = folder.assetcatalog; path = Assets.xcassets; sourceTree = "<group>"; };
		F15E754D209B230300B42672 /* Base */ = {isa = PBXFileReference; lastKnownFileType = file.storyboard; name = Base; path = Base.lproj/LaunchScreen.storyboard; sourceTree = "<group>"; };
		F15E754F209B230300B42672 /* Info.plist */ = {isa = PBXFileReference; lastKnownFileType = text.plist.xml; path = Info.plist; sourceTree = "<group>"; };
		F15E7554209B230300B42672 /* customestepperthirdpartyTests.xctest */ = {isa = PBXFileReference; explicitFileType = wrapper.cfbundle; includeInIndex = 0; path = customestepperthirdpartyTests.xctest; sourceTree = BUILT_PRODUCTS_DIR; };
		F15E7558209B230300B42672 /* customestepperthirdpartyTests.swift */ = {isa = PBXFileReference; lastKnownFileType = sourcecode.swift; path = customestepperthirdpartyTests.swift; sourceTree = "<group>"; };
		F15E755A209B230300B42672 /* Info.plist */ = {isa = PBXFileReference; lastKnownFileType = text.plist.xml; path = Info.plist; sourceTree = "<group>"; };
		F15E755F209B230300B42672 /* customestepperthirdpartyUITests.xctest */ = {isa = PBXFileReference; explicitFileType = wrapper.cfbundle; includeInIndex = 0; path = customestepperthirdpartyUITests.xctest; sourceTree = BUILT_PRODUCTS_DIR; };
		F15E7563209B230300B42672 /* customestepperthirdpartyUITests.swift */ = {isa = PBXFileReference; lastKnownFileType = sourcecode.swift; path = customestepperthirdpartyUITests.swift; sourceTree = "<group>"; };
		F15E7565209B230300B42672 /* Info.plist */ = {isa = PBXFileReference; lastKnownFileType = text.plist.xml; path = Info.plist; sourceTree = "<group>"; };
/* End PBXFileReference section */

/* Begin PBXFrameworksBuildPhase section */
		F15E753D209B230300B42672 /* Frameworks */ = {
			isa = PBXFrameworksBuildPhase;
			buildActionMask = 2147483647;
			files = (
			);
			runOnlyForDeploymentPostprocessing = 0;
		};
		F15E7551209B230300B42672 /* Frameworks */ = {
			isa = PBXFrameworksBuildPhase;
			buildActionMask = 2147483647;
			files = (
			);
			runOnlyForDeploymentPostprocessing = 0;
		};
		F15E755C209B230300B42672 /* Frameworks */ = {
			isa = PBXFrameworksBuildPhase;
			buildActionMask = 2147483647;
			files = (
			);
			runOnlyForDeploymentPostprocessing = 0;
		};
/* End PBXFrameworksBuildPhase section */

/* Begin PBXGroup section */
		F15E7537209B230300B42672 = {
			isa = PBXGroup;
			children = (
				F15E7542209B230300B42672 /* customestepperthirdparty */,
				F15E7557209B230300B42672 /* customestepperthirdpartyTests */,
				F15E7562209B230300B42672 /* customestepperthirdpartyUITests */,
				F15E7541209B230300B42672 /* Products */,
			);
			sourceTree = "<group>";
		};
		F15E7541209B230300B42672 /* Products */ = {
			isa = PBXGroup;
			children = (
				F15E7540209B230300B42672 /* customestepperthirdparty.app */,
				F15E7554209B230300B42672 /* customestepperthirdpartyTests.xctest */,
				F15E755F209B230300B42672 /* customestepperthirdpartyUITests.xctest */,
			);
			name = Products;
			sourceTree = "<group>";
		};
		F15E7542209B230300B42672 /* customestepperthirdparty */ = {
			isa = PBXGroup;
			children = (
				F15E7543209B230300B42672 /* AppDelegate.swift */,
				F15E7545209B230300B42672 /* ViewController.swift */,
				F15E7547209B230300B42672 /* Main.storyboard */,
				F15E754A209B230300B42672 /* Assets.xcassets */,
				F15E754C209B230300B42672 /* LaunchScreen.storyboard */,
				F15E754F209B230300B42672 /* Info.plist */,
			);
			path = customestepperthirdparty;
			sourceTree = "<group>";
		};
		F15E7557209B230300B42672 /* customestepperthirdpartyTests */ = {
			isa = PBXGroup;
			children = (
				F15E7558209B230300B42672 /* customestepperthirdpartyTests.swift */,
				F15E755A209B230300B42672 /* Info.plist */,
			);
			path = customestepperthirdpartyTests;
			sourceTree = "<group>";
		};
		F15E7562209B230300B42672 /* customestepperthirdpartyUITests */ = {
			isa = PBXGroup;
			children = (
				F15E7563209B230300B42672 /* customestepperthirdpartyUITests.swift */,
				F15E7565209B230300B42672 /* Info.plist */,
			);
			path = customestepperthirdpartyUITests;
			sourceTree = "<group>";
		};
/* End PBXGroup section */

/* Begin PBXNativeTarget section */
		F15E753F209B230300B42672 /* customestepperthirdparty */ = {
			isa = PBXNativeTarget;
			buildConfigurationList = F15E7568209B230300B42672 /* Build configuration list for PBXNativeTarget "customestepperthirdparty" */;
			buildPhases = (
				F15E753C209B230300B42672 /* Sources */,
				F15E753D209B230300B42672 /* Frameworks */,
				F15E753E209B230300B42672 /* Resources */,
			);
			buildRules = (
			);
			dependencies = (
			);
			name = customestepperthirdparty;
			productName = customestepperthirdparty;
			productReference = F15E7540209B230300B42672 /* customestepperthirdparty.app */;
			productType = "com.apple.product-type.application";
		};
		F15E7553209B230300B42672 /* customestepperthirdpartyTests */ = {
			isa = PBXNativeTarget;
			buildConfigurationList = F15E756B209B230300B42672 /* Build configuration list for PBXNativeTarget "customestepperthirdpartyTests" */;
			buildPhases = (
				F15E7550209B230300B42672 /* Sources */,
				F15E7551209B230300B42672 /* Frameworks */,
				F15E7552209B230300B42672 /* Resources */,
			);
			buildRules = (
			);
			dependencies = (
				F15E7556209B230300B42672 /* PBXTargetDependency */,
			);
			name = customestepperthirdpartyTests;
			productName = customestepperthirdpartyTests;
			productReference = F15E7554209B230300B42672 /* customestepperthirdpartyTests.xctest */;
			productType = "com.apple.product-type.bundle.unit-test";
		};
		F15E755E209B230300B42672 /* customestepperthirdpartyUITests */ = {
			isa = PBXNativeTarget;
			buildConfigurationList = F15E756E209B230300B42672 /* Build configuration list for PBXNativeTarget "customestepperthirdpartyUITests" */;
			buildPhases = (
				F15E755B209B230300B42672 /* Sources */,
				F15E755C209B230300B42672 /* Frameworks */,
				F15E755D209B230300B42672 /* Resources */,
			);
			buildRules = (
			);
			dependencies = (
				F15E7561209B230300B42672 /* PBXTargetDependency */,
			);
			name = customestepperthirdpartyUITests;
			productName = customestepperthirdpartyUITests;
			productReference = F15E755F209B230300B42672 /* customestepperthirdpartyUITests.xctest */;
			productType = "com.apple.product-type.bundle.ui-testing";
		};
/* End PBXNativeTarget section */

/* Begin PBXProject section */
		F15E7538209B230300B42672 /* Project object */ = {
			isa = PBXProject;
			attributes = {
				LastSwiftUpdateCheck = 0920;
				LastUpgradeCheck = 0920;
				ORGANIZATIONNAME = infostretch;
				TargetAttributes = {
					F15E753F209B230300B42672 = {
						CreatedOnToolsVersion = 9.2;
						ProvisioningStyle = Automatic;
					};
					F15E7553209B230300B42672 = {
						CreatedOnToolsVersion = 9.2;
						ProvisioningStyle = Automatic;
						TestTargetID = F15E753F209B230300B42672;
					};
					F15E755E209B230300B42672 = {
						CreatedOnToolsVersion = 9.2;
						ProvisioningStyle = Automatic;
						TestTargetID = F15E753F209B230300B42672;
					};
				};
			};
			buildConfigurationList = F15E753B209B230300B42672 /* Build configuration list for PBXProject "customestepperthirdparty" */;
			compatibilityVersion = "Xcode 8.0";
			developmentRegion = en;
			hasScannedForEncodings = 0;
			knownRegions = (
				en,
				Base,
			);
			mainGroup = F15E7537209B230300B42672;
			productRefGroup = F15E7541209B230300B42672 /* Products */;
			projectDirPath = "";
			projectRoot = "";
			targets = (
				F15E753F209B230300B42672 /* customestepperthirdparty */,
				F15E7553209B230300B42672 /* customestepperthirdpartyTests */,
				F15E755E209B230300B42672 /* customestepperthirdpartyUITests */,
			);
		};
/* End PBXProject section */

/* Begin PBXResourcesBuildPhase section */
		F15E753E209B230300B42672 /* Resources */ = {
			isa = PBXResourcesBuildPhase;
			buildActionMask = 2147483647;
			files = (
				F15E754E209B230300B42672 /* LaunchScreen.storyboard in Resources */,
				F15E754B209B230300B42672 /* Assets.xcassets in Resources */,
				F15E7549209B230300B42672 /* Main.storyboard in Resources */,
			);
			runOnlyForDeploymentPostprocessing = 0;
		};
		F15E7552209B230300B42672 /* Resources */ = {
			isa = PBXResourcesBuildPhase;
			buildActionMask = 2147483647;
			files = (
			);
			runOnlyForDeploymentPostprocessing = 0;
		};
		F15E755D209B230300B42672 /* Resources */ = {
			isa = PBXResourcesBuildPhase;
			buildActionMask = 2147483647;
			files = (
			);
			runOnlyForDeploymentPostprocessing = 0;
		};
/* End PBXResourcesBuildPhase section */

/* Begin PBXSourcesBuildPhase section */
		F15E753C209B230300B42672 /* Sources */ = {
			isa = PBXSourcesBuildPhase;
			buildActionMask = 2147483647;
			files = (
				F15E7546209B230300B42672 /* ViewController.swift in Sources */,
				F15E7544209B230300B42672 /* AppDelegate.swift in Sources */,
			);
			runOnlyForDeploymentPostprocessing = 0;
		};
		F15E7550209B230300B42672 /* Sources */ = {
			isa = PBXSourcesBuildPhase;
			buildActionMask = 2147483647;
			files = (
				F15E7559209B230300B42672 /* customestepperthirdpartyTests.swift in Sources */,
			);
			runOnlyForDeploymentPostprocessing = 0;
		};
		F15E755B209B230300B42672 /* Sources */ = {
			isa = PBXSourcesBuildPhase;
			buildActionMask = 2147483647;
			files = (
				F15E7564209B230300B42672 /* customestepperthirdpartyUITests.swift in Sources */,
			);
			runOnlyForDeploymentPostprocessing = 0;
		};
/* End PBXSourcesBuildPhase section */

/* Begin PBXTargetDependency section */
		F15E7556209B230300B42672 /* PBXTargetDependency */ = {
			isa = PBXTargetDependency;
			target = F15E753F209B230300B42672 /* customestepperthirdparty */;
			targetProxy = F15E7555209B230300B42672 /* PBXContainerItemProxy */;
		};
		F15E7561209B230300B42672 /* PBXTargetDependency */ = {
			isa = PBXTargetDependency;
			target = F15E753F209B230300B42672 /* customestepperthirdparty */;
			targetProxy = F15E7560209B230300B42672 /* PBXContainerItemProxy */;
		};
/* End PBXTargetDependency section */

/* Begin PBXVariantGroup section */
		F15E7547209B230300B42672 /* Main.storyboard */ = {
			isa = PBXVariantGroup;
			children = (
				F15E7548209B230300B42672 /* Base */,
			);
			name = Main.storyboard;
			sourceTree = "<group>";
		};
		F15E754C209B230300B42672 /* LaunchScreen.storyboard */ = {
			isa = PBXVariantGroup;
			children = (
				F15E754D209B230300B42672 /* Base */,
			);
			name = LaunchScreen.storyboard;
			sourceTree = "<group>";
		};
/* End PBXVariantGroup section */

/* Begin XCBuildConfiguration section */
		F15E7566209B230300B42672 /* Debug */ = {
			isa = XCBuildConfiguration;
			buildSettings = {
				ALWAYS_SEARCH_USER_PATHS = NO;
				CLANG_ANALYZER_NONNULL = YES;
				CLANG_ANALYZER_NUMBER_OBJECT_CONVERSION = YES_AGGRESSIVE;
				CLANG_CXX_LANGUAGE_STANDARD = "gnu++14";
				CLANG_CXX_LIBRARY = "libc++";
				CLANG_ENABLE_MODULES = YES;
				CLANG_ENABLE_OBJC_ARC = YES;
				CLANG_WARN_BLOCK_CAPTURE_AUTORELEASING = YES;
				CLANG_WARN_BOOL_CONVERSION = YES;
				CLANG_WARN_COMMA = YES;
				CLANG_WARN_CONSTANT_CONVERSION = YES;
				CLANG_WARN_DIRECT_OBJC_ISA_USAGE = YES_ERROR;
				CLANG_WARN_DOCUMENTATION_COMMENTS = YES;
				CLANG_WARN_EMPTY_BODY = YES;
				CLANG_WARN_ENUM_CONVERSION = YES;
				CLANG_WARN_INFINITE_RECURSION = YES;
				CLANG_WARN_INT_CONVERSION = YES;
				CLANG_WARN_NON_LITERAL_NULL_CONVERSION = YES;
				CLANG_WARN_OBJC_LITERAL_CONVERSION = YES;
				CLANG_WARN_OBJC_ROOT_CLASS = YES_ERROR;
				CLANG_WARN_RANGE_LOOP_ANALYSIS = YES;
				CLANG_WARN_STRICT_PROTOTYPES = YES;
				CLANG_WARN_SUSPICIOUS_MOVE = YES;
				CLANG_WARN_UNGUARDED_AVAILABILITY = YES_AGGRESSIVE;
				CLANG_WARN_UNREACHABLE_CODE = YES;
				CLANG_WARN__DUPLICATE_METHOD_MATCH = YES;
				CODE_SIGN_IDENTITY = "iPhone Developer";
				COPY_PHASE_STRIP = NO;
				DEBUG_INFORMATION_FORMAT = dwarf;
				ENABLE_STRICT_OBJC_MSGSEND = YES;
				ENABLE_TESTABILITY = YES;
				GCC_C_LANGUAGE_STANDARD = gnu11;
				GCC_DYNAMIC_NO_PIC = NO;
				GCC_NO_COMMON_BLOCKS = YES;
				GCC_OPTIMIZATION_LEVEL = 0;
				GCC_PREPROCESSOR_DEFINITIONS = (
					"DEBUG=1",
					"$(inherited)",
				);
				GCC_WARN_64_TO_32_BIT_CONVERSION = YES;
				GCC_WARN_ABOUT_RETURN_TYPE = YES_ERROR;
				GCC_WARN_UNDECLARED_SELECTOR = YES;
				GCC_WARN_UNINITIALIZED_AUTOS = YES_AGGRESSIVE;
				GCC_WARN_UNUSED_FUNCTION = YES;
				GCC_WARN_UNUSED_VARIABLE = YES;
				IPHONEOS_DEPLOYMENT_TARGET = 11.2;
				MTL_ENABLE_DEBUG_INFO = YES;
				ONLY_ACTIVE_ARCH = YES;
				SDKROOT = iphoneos;
				SWIFT_ACTIVE_COMPILATION_CONDITIONS = DEBUG;
				SWIFT_OPTIMIZATION_LEVEL = "-Onone";
			};
			name = Debug;
		};
		F15E7567209B230300B42672 /* Release */ = {
			isa = XCBuildConfiguration;
			buildSettings = {
				ALWAYS_SEARCH_USER_PATHS = NO;
				CLANG_ANALYZER_NONNULL = YES;
				CLANG_ANALYZER_NUMBER_OBJECT_CONVERSION = YES_AGGRESSIVE;
				CLANG_CXX_LANGUAGE_STANDARD = "gnu++14";
				CLANG_CXX_LIBRARY = "libc++";
				CLANG_ENABLE_MODULES = YES;
				CLANG_ENABLE_OBJC_ARC = YES;
				CLANG_WARN_BLOCK_CAPTURE_AUTORELEASING = YES;
				CLANG_WARN_BOOL_CONVERSION = YES;
				CLANG_WARN_COMMA = YES;
				CLANG_WARN_CONSTANT_CONVERSION = YES;
				CLANG_WARN_DIRECT_OBJC_ISA_USAGE = YES_ERROR;
				CLANG_WARN_DOCUMENTATION_COMMENTS = YES;
				CLANG_WARN_EMPTY_BODY = YES;
				CLANG_WARN_ENUM_CONVERSION = YES;
				CLANG_WARN_INFINITE_RECURSION = YES;
				CLANG_WARN_INT_CONVERSION = YES;
				CLANG_WARN_NON_LITERAL_NULL_CONVERSION = YES;
				CLANG_WARN_OBJC_LITERAL_CONVERSION = YES;
				CLANG_WARN_OBJC_ROOT_CLASS = YES_ERROR;
				CLANG_WARN_RANGE_LOOP_ANALYSIS = YES;
				CLANG_WARN_STRICT_PROTOTYPES = YES;
				CLANG_WARN_SUSPICIOUS_MOVE = YES;
				CLANG_WARN_UNGUARDED_AVAILABILITY = YES_AGGRESSIVE;
				CLANG_WARN_UNREACHABLE_CODE = YES;
				CLANG_WARN__DUPLICATE_METHOD_MATCH = YES;
				CODE_SIGN_IDENTITY = "iPhone Developer";
				COPY_PHASE_STRIP = NO;
				DEBUG_INFORMATION_FORMAT = "dwarf-with-dsym";
				ENABLE_NS_ASSERTIONS = NO;
				ENABLE_STRICT_OBJC_MSGSEND = YES;
				GCC_C_LANGUAGE_STANDARD = gnu11;
				GCC_NO_COMMON_BLOCKS = YES;
				GCC_WARN_64_TO_32_BIT_CONVERSION = YES;
				GCC_WARN_ABOUT_RETURN_TYPE = YES_ERROR;
				GCC_WARN_UNDECLARED_SELECTOR = YES;
				GCC_WARN_UNINITIALIZED_AUTOS = YES_AGGRESSIVE;
				GCC_WARN_UNUSED_FUNCTION = YES;
				GCC_WARN_UNUSED_VARIABLE = YES;
				IPHONEOS_DEPLOYMENT_TARGET = 11.2;
				MTL_ENABLE_DEBUG_INFO = NO;
				SDKROOT = iphoneos;
				SWIFT_OPTIMIZATION_LEVEL = "-Owholemodule";
				VALIDATE_PRODUCT = YES;
			};
			name = Release;
		};
		F15E7569209B230300B42672 /* Debug */ = {
			isa = XCBuildConfiguration;
			buildSettings = {
				ASSETCATALOG_COMPILER_APPICON_NAME = AppIcon;
				CODE_SIGN_STYLE = Automatic;
				INFOPLIST_FILE = customestepperthirdparty/Info.plist;
				LD_RUNPATH_SEARCH_PATHS = "$(inherited) @executable_path/Frameworks";
				PRODUCT_BUNDLE_IDENTIFIER = Com.infostretch.customestepperthirdparty;
				PRODUCT_NAME = "$(TARGET_NAME)";
				SWIFT_VERSION = 4.0;
				TARGETED_DEVICE_FAMILY = "1,2";
			};
			name = Debug;
		};
		F15E756A209B230300B42672 /* Release */ = {
			isa = XCBuildConfiguration;
			buildSettings = {
				ASSETCATALOG_COMPILER_APPICON_NAME = AppIcon;
				CODE_SIGN_STYLE = Automatic;
				INFOPLIST_FILE = customestepperthirdparty/Info.plist;
				LD_RUNPATH_SEARCH_PATHS = "$(inherited) @executable_path/Frameworks";
				PRODUCT_BUNDLE_IDENTIFIER = Com.infostretch.customestepperthirdparty;
				PRODUCT_NAME = "$(TARGET_NAME)";
				SWIFT_VERSION = 4.0;
				TARGETED_DEVICE_FAMILY = "1,2";
			};
			name = Release;
		};
		F15E756C209B230300B42672 /* Debug */ = {
			isa = XCBuildConfiguration;
			buildSettings = {
				ALWAYS_EMBED_SWIFT_STANDARD_LIBRARIES = YES;
				BUNDLE_LOADER = "$(TEST_HOST)";
				CODE_SIGN_STYLE = Automatic;
				INFOPLIST_FILE = customestepperthirdpartyTests/Info.plist;
				LD_RUNPATH_SEARCH_PATHS = "$(inherited) @executable_path/Frameworks @loader_path/Frameworks";
				PRODUCT_BUNDLE_IDENTIFIER = Com.infostretch.customestepperthirdpartyTests;
				PRODUCT_NAME = "$(TARGET_NAME)";
				SWIFT_VERSION = 4.0;
				TARGETED_DEVICE_FAMILY = "1,2";
				TEST_HOST = "$(BUILT_PRODUCTS_DIR)/customestepperthirdparty.app/customestepperthirdparty";
			};
			name = Debug;
		};
		F15E756D209B230300B42672 /* Release */ = {
			isa = XCBuildConfiguration;
			buildSettings = {
				ALWAYS_EMBED_SWIFT_STANDARD_LIBRARIES = YES;
				BUNDLE_LOADER = "$(TEST_HOST)";
				CODE_SIGN_STYLE = Automatic;
				INFOPLIST_FILE = customestepperthirdpartyTests/Info.plist;
				LD_RUNPATH_SEARCH_PATHS = "$(inherited) @executable_path/Frameworks @loader_path/Frameworks";
				PRODUCT_BUNDLE_IDENTIFIER = Com.infostretch.customestepperthirdpartyTests;
				PRODUCT_NAME = "$(TARGET_NAME)";
				SWIFT_VERSION = 4.0;
				TARGETED_DEVICE_FAMILY = "1,2";
				TEST_HOST = "$(BUILT_PRODUCTS_DIR)/customestepperthirdparty.app/customestepperthirdparty";
			};
			name = Release;
		};
		F15E756F209B230300B42672 /* Debug */ = {
			isa = XCBuildConfiguration;
			buildSettings = {
				ALWAYS_EMBED_SWIFT_STANDARD_LIBRARIES = YES;
				CODE_SIGN_STYLE = Automatic;
				INFOPLIST_FILE = customestepperthirdpartyUITests/Info.plist;
				LD_RUNPATH_SEARCH_PATHS = "$(inherited) @executable_path/Frameworks @loader_path/Frameworks";
				PRODUCT_BUNDLE_IDENTIFIER = Com.infostretch.customestepperthirdpartyUITests;
				PRODUCT_NAME = "$(TARGET_NAME)";
				SWIFT_VERSION = 4.0;
				TARGETED_DEVICE_FAMILY = "1,2";
				TEST_TARGET_NAME = customestepperthirdparty;
			};
			name = Debug;
		};
		F15E7570209B230300B42672 /* Release */ = {
			isa = XCBuildConfiguration;
			buildSettings = {
				ALWAYS_EMBED_SWIFT_STANDARD_LIBRARIES = YES;
				CODE_SIGN_STYLE = Automatic;
				INFOPLIST_FILE = customestepperthirdpartyUITests/Info.plist;
				LD_RUNPATH_SEARCH_PATHS = "$(inherited) @executable_path/Frameworks @loader_path/Frameworks";
				PRODUCT_BUNDLE_IDENTIFIER = Com.infostretch.customestepperthirdpartyUITests;
				PRODUCT_NAME = "$(TARGET_NAME)";
				SWIFT_VERSION = 4.0;
				TARGETED_DEVICE_FAMILY = "1,2";
				TEST_TARGET_NAME = customestepperthirdparty;
			};
			name = Release;
		};
/* End XCBuildConfiguration section */

/* Begin XCConfigurationList section */
		F15E753B209B230300B42672 /* Build configuration list for PBXProject "customestepperthirdparty" */ = {
			isa = XCConfigurationList;
			buildConfigurations = (
				F15E7566209B230300B42672 /* Debug */,
				F15E7567209B230300B42672 /* Release */,
			);
			defaultConfigurationIsVisible = 0;
			defaultConfigurationName = Release;
		};
		F15E7568209B230300B42672 /* Build configuration list for PBXNativeTarget "customestepperthirdparty" */ = {
			isa = XCConfigurationList;
			buildConfigurations = (
				F15E7569209B230300B42672 /* Debug */,
				F15E756A209B230300B42672 /* Release */,
			);
			defaultConfigurationIsVisible = 0;
			defaultConfigurationName = Release;
		};
		F15E756B209B230300B42672 /* Build configuration list for PBXNativeTarget "customestepperthirdpartyTests" */ = {
			isa = XCConfigurationList;
			buildConfigurations = (
				F15E756C209B230300B42672 /* Debug */,
				F15E756D209B230300B42672 /* Release */,
			);
			defaultConfigurationIsVisible = 0;
			defaultConfigurationName = Release;
		};
		F15E756E209B230300B42672 /* Build configuration list for PBXNativeTarget "customestepperthirdpartyUITests" */ = {
			isa = XCConfigurationList;
			buildConfigurations = (
				F15E756F209B230300B42672 /* Debug */,
				F15E7570209B230300B42672 /* Release */,
			);
			defaultConfigurationIsVisible = 0;
			defaultConfigurationName = Release;
		};
/* End XCConfigurationList section */
	};
	rootObject = F15E7538209B230300B42672 /* Project object */;
}
